// !$*UTF8*$!
{
	archiveVersion = 1;
	classes = {
	};
	objectVersion = 46;
	objects = {

/* Begin PBXBuildFile section */
		9CB240FD38514DC4A884EE61 /* libPods.a in Frameworks */ = {isa = PBXBuildFile; fileRef = 02C0B45B30C94049A7AA6C12 /* libPods.a */; };
		EA0D9926187B003600777AAC /* ActivityCell.m in Sources */ = {isa = PBXBuildFile; fileRef = EA0D9925187B003600777AAC /* ActivityCell.m */; };
		EA0D9928187B004A00777AAC /* ActivityCell.xib in Resources */ = {isa = PBXBuildFile; fileRef = EA0D9927187B004A00777AAC /* ActivityCell.xib */; };
		EA0D992B187B0E2E00777AAC /* UIUtil.m in Sources */ = {isa = PBXBuildFile; fileRef = EA0D992A187B0E2E00777AAC /* UIUtil.m */; };
		EA0D992E187B118200777AAC /* NSString+Ext.m in Sources */ = {isa = PBXBuildFile; fileRef = EA0D992D187B118200777AAC /* NSString+Ext.m */; };
		EA0D9931187B12F600777AAC /* ModelManager.m in Sources */ = {isa = PBXBuildFile; fileRef = EA0D9930187B12F600777AAC /* ModelManager.m */; };
		EA0D9934187B15AB00777AAC /* Activity.m in Sources */ = {isa = PBXBuildFile; fileRef = EA0D9933187B15AB00777AAC /* Activity.m */; };
		EA0D9937187B240700777AAC /* CGUtil.m in Sources */ = {isa = PBXBuildFile; fileRef = EA0D9936187B240700777AAC /* CGUtil.m */; };
		EA2B13C9186C12D500A2C065 /* PinAPIClient.m in Sources */ = {isa = PBXBuildFile; fileRef = EA2B13C8186C12D500A2C065 /* PinAPIClient.m */; };
		EA2B13CA186C12D500A2C065 /* PinAPIClient.m in Sources */ = {isa = PBXBuildFile; fileRef = EA2B13C8186C12D500A2C065 /* PinAPIClient.m */; };
		EA2B13CD186C138100A2C065 /* PinService.m in Sources */ = {isa = PBXBuildFile; fileRef = EA2B13CC186C138100A2C065 /* PinService.m */; };
		EA2B13CE186C138100A2C065 /* PinService.m in Sources */ = {isa = PBXBuildFile; fileRef = EA2B13CC186C138100A2C065 /* PinService.m */; };
		EA2B13D2186C221A00A2C065 /* PinService+Auth.m in Sources */ = {isa = PBXBuildFile; fileRef = EA2B13D1186C221A00A2C065 /* PinService+Auth.m */; };
		EA2B13D9186C237900A2C065 /* PinService+Activity.m in Sources */ = {isa = PBXBuildFile; fileRef = EA2B13D3186C237900A2C065 /* PinService+Activity.m */; };
		EA2B13DA186C237900A2C065 /* PinService+Badge.m in Sources */ = {isa = PBXBuildFile; fileRef = EA2B13D4186C237900A2C065 /* PinService+Badge.m */; };
		EA2B13DB186C237900A2C065 /* PinService+Comment.m in Sources */ = {isa = PBXBuildFile; fileRef = EA2B13D5186C237900A2C065 /* PinService+Comment.m */; };
		EA2B13DC186C237900A2C065 /* PinService+Message.m in Sources */ = {isa = PBXBuildFile; fileRef = EA2B13D6186C237900A2C065 /* PinService+Message.m */; };
		EA2B13DD186C237900A2C065 /* PinService+Relation.m in Sources */ = {isa = PBXBuildFile; fileRef = EA2B13D7186C237900A2C065 /* PinService+Relation.m */; };
		EA2B13DE186C237900A2C065 /* PinService+User.m in Sources */ = {isa = PBXBuildFile; fileRef = EA2B13D8186C237900A2C065 /* PinService+User.m */; };
		EA2B13E5186C329E00A2C065 /* PinError.m in Sources */ = {isa = PBXBuildFile; fileRef = EA2B13E4186C329E00A2C065 /* PinError.m */; };
		EA2B13E6186C329E00A2C065 /* PinError.m in Sources */ = {isa = PBXBuildFile; fileRef = EA2B13E4186C329E00A2C065 /* PinError.m */; };
		EA2B13E9186C360200A2C065 /* Comment.m in Sources */ = {isa = PBXBuildFile; fileRef = EA2B13E8186C360200A2C065 /* Comment.m */; };
		EA2B13EA186C360200A2C065 /* Comment.m in Sources */ = {isa = PBXBuildFile; fileRef = EA2B13E8186C360200A2C065 /* Comment.m */; };
		EA2B13ED186C360200A2C065 /* Image.m in Sources */ = {isa = PBXBuildFile; fileRef = EA2B13EC186C360200A2C065 /* Image.m */; };
		EA2B13EE186C360200A2C065 /* Image.m in Sources */ = {isa = PBXBuildFile; fileRef = EA2B13EC186C360200A2C065 /* Image.m */; };
		EA2B13F1186C360200A2C065 /* User.m in Sources */ = {isa = PBXBuildFile; fileRef = EA2B13F0186C360200A2C065 /* User.m */; };
		EA2B13F2186C360200A2C065 /* User.m in Sources */ = {isa = PBXBuildFile; fileRef = EA2B13F0186C360200A2C065 /* User.m */; };
		EA2B13F5186C360300A2C065 /* Contact.m in Sources */ = {isa = PBXBuildFile; fileRef = EA2B13F4186C360300A2C065 /* Contact.m */; };
		EA2B13F6186C360300A2C065 /* Contact.m in Sources */ = {isa = PBXBuildFile; fileRef = EA2B13F4186C360300A2C065 /* Contact.m */; };
		EA2B13F9186C360300A2C065 /* ChatMessage.m in Sources */ = {isa = PBXBuildFile; fileRef = EA2B13F8186C360300A2C065 /* ChatMessage.m */; };
		EA2B13FA186C360300A2C065 /* ChatMessage.m in Sources */ = {isa = PBXBuildFile; fileRef = EA2B13F8186C360300A2C065 /* ChatMessage.m */; };
		EA2B13FD186C360300A2C065 /* Notice.m in Sources */ = {isa = PBXBuildFile; fileRef = EA2B13FC186C360300A2C065 /* Notice.m */; };
		EA2B13FE186C360300A2C065 /* Notice.m in Sources */ = {isa = PBXBuildFile; fileRef = EA2B13FC186C360300A2C065 /* Notice.m */; };
		EA2B1401186C360300A2C065 /* Badge.m in Sources */ = {isa = PBXBuildFile; fileRef = EA2B1400186C360300A2C065 /* Badge.m */; };
		EA2B1402186C360300A2C065 /* Badge.m in Sources */ = {isa = PBXBuildFile; fileRef = EA2B1400186C360300A2C065 /* Badge.m */; };
		EA2B1409186C360300A2C065 /* Message.m in Sources */ = {isa = PBXBuildFile; fileRef = EA2B1408186C360300A2C065 /* Message.m */; };
		EA2B140A186C360300A2C065 /* Message.m in Sources */ = {isa = PBXBuildFile; fileRef = EA2B1408186C360300A2C065 /* Message.m */; };
		EA2B140D186C360300A2C065 /* Sound.m in Sources */ = {isa = PBXBuildFile; fileRef = EA2B140C186C360300A2C065 /* Sound.m */; };
		EA2B140E186C360300A2C065 /* Sound.m in Sources */ = {isa = PBXBuildFile; fileRef = EA2B140C186C360300A2C065 /* Sound.m */; };
		EA2B1411186C360300A2C065 /* Location.m in Sources */ = {isa = PBXBuildFile; fileRef = EA2B1410186C360300A2C065 /* Location.m */; };
		EA2B1412186C360300A2C065 /* Location.m in Sources */ = {isa = PBXBuildFile; fileRef = EA2B1410186C360300A2C065 /* Location.m */; };
		EA4CDAE818633741008FE822 /* MMViewController.m in Sources */ = {isa = PBXBuildFile; fileRef = EA4CDAE718633741008FE822 /* MMViewController.m */; };
		EA4CDAEB1863375A008FE822 /* MMTableViewController.m in Sources */ = {isa = PBXBuildFile; fileRef = EA4CDAEA1863375A008FE822 /* MMTableViewController.m */; };
		EA4CDAEE18633795008FE822 /* MMTableViewCell.m in Sources */ = {isa = PBXBuildFile; fileRef = EA4CDAED18633795008FE822 /* MMTableViewCell.m */; };
		EA4CDAF1186337E6008FE822 /* TimelineController.m in Sources */ = {isa = PBXBuildFile; fileRef = EA4CDAF0186337E6008FE822 /* TimelineController.m */; };
		EA4CDAF418633804008FE822 /* ActivityController.m in Sources */ = {isa = PBXBuildFile; fileRef = EA4CDAF318633804008FE822 /* ActivityController.m */; };
		EA4CDAF718633838008FE822 /* MessageController.m in Sources */ = {isa = PBXBuildFile; fileRef = EA4CDAF618633838008FE822 /* MessageController.m */; };
		EA4CDAFA18633892008FE822 /* ProfileController.m in Sources */ = {isa = PBXBuildFile; fileRef = EA4CDAF918633892008FE822 /* ProfileController.m */; };
		EA663577186F0EF900336C57 /* MMActivityView.m in Sources */ = {isa = PBXBuildFile; fileRef = EA663576186F0EF900336C57 /* MMActivityView.m */; };
		EA66357B186F131F00336C57 /* UIView+Ext.m in Sources */ = {isa = PBXBuildFile; fileRef = EA66357A186F131F00336C57 /* UIView+Ext.m */; };
		EA66358018702BAB00336C57 /* SignController.m in Sources */ = {isa = PBXBuildFile; fileRef = EA66357E18702BAB00336C57 /* SignController.m */; };
		EA66358118702BAB00336C57 /* SignController.xib in Resources */ = {isa = PBXBuildFile; fileRef = EA66357F18702BAB00336C57 /* SignController.xib */; };
		EA66358E18704D6800336C57 /* UIFactory.m in Sources */ = {isa = PBXBuildFile; fileRef = EA66358D18704D6800336C57 /* UIFactory.m */; };
		EA6635921870546100336C57 /* NSString+Validate.m in Sources */ = {isa = PBXBuildFile; fileRef = EA6635911870546100336C57 /* NSString+Validate.m */; };
		EA6635961870632D00336C57 /* LeoLoadingView.m in Sources */ = {isa = PBXBuildFile; fileRef = EA6635951870632D00336C57 /* LeoLoadingView.m */; };
		EA66359A18706C5A00336C57 /* MMPopMessageView.m in Sources */ = {isa = PBXBuildFile; fileRef = EA66359918706C5A00336C57 /* MMPopMessageView.m */; };
		EACC63531865631500B6D186 /* PinerModel.xcdatamodeld in Sources */ = {isa = PBXBuildFile; fileRef = EACC63511865631500B6D186 /* PinerModel.xcdatamodeld */; };
		EACC9C6A1865AC0700BE2017 /* MMFileManager.m in Sources */ = {isa = PBXBuildFile; fileRef = EACC9C691865AC0700BE2017 /* MMFileManager.m */; };
		EACC9C6E1865BD5F00BE2017 /* libPods.a in Frameworks */ = {isa = PBXBuildFile; fileRef = EACC9C6D1865BD5F00BE2017 /* libPods.a */; };
		EACC9C7218668FA200BE2017 /* NSDictionary+Ext.m in Sources */ = {isa = PBXBuildFile; fileRef = EACC9C7118668FA200BE2017 /* NSDictionary+Ext.m */; };
		EACC9C7518668FF600BE2017 /* NSArray+Ext.m in Sources */ = {isa = PBXBuildFile; fileRef = EACC9C7418668FF600BE2017 /* NSArray+Ext.m */; };
		EACC9C7818672B7600BE2017 /* PinerModel.xcdatamodeld in Sources */ = {isa = PBXBuildFile; fileRef = EACC63511865631500B6D186 /* PinerModel.xcdatamodeld */; };
		EAE6334F1861F98C0072FED8 /* Foundation.framework in Frameworks */ = {isa = PBXBuildFile; fileRef = EAE6334E1861F98C0072FED8 /* Foundation.framework */; };
		EAE633511861F98C0072FED8 /* CoreGraphics.framework in Frameworks */ = {isa = PBXBuildFile; fileRef = EAE633501861F98C0072FED8 /* CoreGraphics.framework */; };
		EAE633531861F98C0072FED8 /* UIKit.framework in Frameworks */ = {isa = PBXBuildFile; fileRef = EAE633521861F98C0072FED8 /* UIKit.framework */; };
		EAE633591861F98C0072FED8 /* InfoPlist.strings in Resources */ = {isa = PBXBuildFile; fileRef = EAE633571861F98C0072FED8 /* InfoPlist.strings */; };
		EAE6335B1861F98C0072FED8 /* main.m in Sources */ = {isa = PBXBuildFile; fileRef = EAE6335A1861F98C0072FED8 /* main.m */; };
		EAE6335F1861F98C0072FED8 /* AppDelegate.m in Sources */ = {isa = PBXBuildFile; fileRef = EAE6335E1861F98C0072FED8 /* AppDelegate.m */; };
		EAE633621861F98C0072FED8 /* Main.storyboard in Resources */ = {isa = PBXBuildFile; fileRef = EAE633601861F98C0072FED8 /* Main.storyboard */; };
		EAE6336A1861F98C0072FED8 /* Images.xcassets in Resources */ = {isa = PBXBuildFile; fileRef = EAE633691861F98C0072FED8 /* Images.xcassets */; };
		EAE633711861F98C0072FED8 /* XCTest.framework in Frameworks */ = {isa = PBXBuildFile; fileRef = EAE633701861F98C0072FED8 /* XCTest.framework */; };
		EAE633721861F98C0072FED8 /* Foundation.framework in Frameworks */ = {isa = PBXBuildFile; fileRef = EAE6334E1861F98C0072FED8 /* Foundation.framework */; };
		EAE633731861F98C0072FED8 /* UIKit.framework in Frameworks */ = {isa = PBXBuildFile; fileRef = EAE633521861F98C0072FED8 /* UIKit.framework */; };
		EAE6337B1861F98C0072FED8 /* InfoPlist.strings in Resources */ = {isa = PBXBuildFile; fileRef = EAE633791861F98C0072FED8 /* InfoPlist.strings */; };
		EAE6337D1861F98C0072FED8 /* PinerTests.m in Sources */ = {isa = PBXBuildFile; fileRef = EAE6337C1861F98C0072FED8 /* PinerTests.m */; };
/* End PBXBuildFile section */

/* Begin PBXContainerItemProxy section */
		EAE633741861F98C0072FED8 /* PBXContainerItemProxy */ = {
			isa = PBXContainerItemProxy;
			containerPortal = EAE633431861F98C0072FED8 /* Project object */;
			proxyType = 1;
			remoteGlobalIDString = EAE6334A1861F98C0072FED8;
			remoteInfo = Piner;
		};
/* End PBXContainerItemProxy section */

/* Begin PBXFileReference section */
		02C0B45B30C94049A7AA6C12 /* libPods.a */ = {isa = PBXFileReference; explicitFileType = archive.ar; includeInIndex = 0; path = libPods.a; sourceTree = BUILT_PRODUCTS_DIR; };
		A39235FE2AB44D82A3F86AD6 /* Pods.xcconfig */ = {isa = PBXFileReference; includeInIndex = 1; lastKnownFileType = text.xcconfig; name = Pods.xcconfig; path = Pods/Pods.xcconfig; sourceTree = "<group>"; };
		EA0D9924187B003600777AAC /* ActivityCell.h */ = {isa = PBXFileReference; fileEncoding = 4; lastKnownFileType = sourcecode.c.h; path = ActivityCell.h; sourceTree = "<group>"; };
		EA0D9925187B003600777AAC /* ActivityCell.m */ = {isa = PBXFileReference; fileEncoding = 4; lastKnownFileType = sourcecode.c.objc; path = ActivityCell.m; sourceTree = "<group>"; };
		EA0D9927187B004A00777AAC /* ActivityCell.xib */ = {isa = PBXFileReference; fileEncoding = 4; lastKnownFileType = file.xib; path = ActivityCell.xib; sourceTree = "<group>"; };
		EA0D9929187B0E2E00777AAC /* UIUtil.h */ = {isa = PBXFileReference; fileEncoding = 4; lastKnownFileType = sourcecode.c.h; path = UIUtil.h; sourceTree = "<group>"; };
		EA0D992A187B0E2E00777AAC /* UIUtil.m */ = {isa = PBXFileReference; fileEncoding = 4; lastKnownFileType = sourcecode.c.objc; path = UIUtil.m; sourceTree = "<group>"; };
		EA0D992C187B118200777AAC /* NSString+Ext.h */ = {isa = PBXFileReference; fileEncoding = 4; lastKnownFileType = sourcecode.c.h; path = "NSString+Ext.h"; sourceTree = "<group>"; };
		EA0D992D187B118200777AAC /* NSString+Ext.m */ = {isa = PBXFileReference; fileEncoding = 4; lastKnownFileType = sourcecode.c.objc; path = "NSString+Ext.m"; sourceTree = "<group>"; };
		EA0D992F187B12F600777AAC /* ModelManager.h */ = {isa = PBXFileReference; fileEncoding = 4; lastKnownFileType = sourcecode.c.h; path = ModelManager.h; sourceTree = "<group>"; };
		EA0D9930187B12F600777AAC /* ModelManager.m */ = {isa = PBXFileReference; fileEncoding = 4; lastKnownFileType = sourcecode.c.objc; path = ModelManager.m; sourceTree = "<group>"; };
		EA0D9932187B15AB00777AAC /* Activity.h */ = {isa = PBXFileReference; fileEncoding = 4; lastKnownFileType = sourcecode.c.h; path = Activity.h; sourceTree = "<group>"; };
		EA0D9933187B15AB00777AAC /* Activity.m */ = {isa = PBXFileReference; fileEncoding = 4; lastKnownFileType = sourcecode.c.objc; path = Activity.m; sourceTree = "<group>"; };
		EA0D9935187B240700777AAC /* CGUtil.h */ = {isa = PBXFileReference; fileEncoding = 4; lastKnownFileType = sourcecode.c.h; path = CGUtil.h; sourceTree = "<group>"; };
		EA0D9936187B240700777AAC /* CGUtil.m */ = {isa = PBXFileReference; fileEncoding = 4; lastKnownFileType = sourcecode.c.objc; path = CGUtil.m; sourceTree = "<group>"; };
		EA2B13C7186C12D500A2C065 /* PinAPIClient.h */ = {isa = PBXFileReference; fileEncoding = 4; lastKnownFileType = sourcecode.c.h; path = PinAPIClient.h; sourceTree = "<group>"; };
		EA2B13C8186C12D500A2C065 /* PinAPIClient.m */ = {isa = PBXFileReference; fileEncoding = 4; lastKnownFileType = sourcecode.c.objc; path = PinAPIClient.m; sourceTree = "<group>"; };
		EA2B13CB186C138100A2C065 /* PinService.h */ = {isa = PBXFileReference; fileEncoding = 4; lastKnownFileType = sourcecode.c.h; path = PinService.h; sourceTree = "<group>"; };
		EA2B13CC186C138100A2C065 /* PinService.m */ = {isa = PBXFileReference; fileEncoding = 4; lastKnownFileType = sourcecode.c.objc; path = PinService.m; sourceTree = "<group>"; };
		EA2B13CF186C215300A2C065 /* PinModels.h */ = {isa = PBXFileReference; fileEncoding = 4; lastKnownFileType = sourcecode.c.h; path = PinModels.h; sourceTree = "<group>"; };
		EA2B13D1186C221A00A2C065 /* PinService+Auth.m */ = {isa = PBXFileReference; fileEncoding = 4; lastKnownFileType = sourcecode.c.objc; path = "PinService+Auth.m"; sourceTree = "<group>"; };
		EA2B13D3186C237900A2C065 /* PinService+Activity.m */ = {isa = PBXFileReference; fileEncoding = 4; lastKnownFileType = sourcecode.c.objc; path = "PinService+Activity.m"; sourceTree = "<group>"; };
		EA2B13D4186C237900A2C065 /* PinService+Badge.m */ = {isa = PBXFileReference; fileEncoding = 4; lastKnownFileType = sourcecode.c.objc; path = "PinService+Badge.m"; sourceTree = "<group>"; };
		EA2B13D5186C237900A2C065 /* PinService+Comment.m */ = {isa = PBXFileReference; fileEncoding = 4; lastKnownFileType = sourcecode.c.objc; path = "PinService+Comment.m"; sourceTree = "<group>"; };
		EA2B13D6186C237900A2C065 /* PinService+Message.m */ = {isa = PBXFileReference; fileEncoding = 4; lastKnownFileType = sourcecode.c.objc; path = "PinService+Message.m"; sourceTree = "<group>"; };
		EA2B13D7186C237900A2C065 /* PinService+Relation.m */ = {isa = PBXFileReference; fileEncoding = 4; lastKnownFileType = sourcecode.c.objc; path = "PinService+Relation.m"; sourceTree = "<group>"; };
		EA2B13D8186C237900A2C065 /* PinService+User.m */ = {isa = PBXFileReference; fileEncoding = 4; lastKnownFileType = sourcecode.c.objc; path = "PinService+User.m"; sourceTree = "<group>"; };
		EA2B13E3186C329E00A2C065 /* PinError.h */ = {isa = PBXFileReference; fileEncoding = 4; lastKnownFileType = sourcecode.c.h; path = PinError.h; sourceTree = "<group>"; };
		EA2B13E4186C329E00A2C065 /* PinError.m */ = {isa = PBXFileReference; fileEncoding = 4; lastKnownFileType = sourcecode.c.objc; path = PinError.m; sourceTree = "<group>"; };
		EA2B13E7186C360200A2C065 /* Comment.h */ = {isa = PBXFileReference; fileEncoding = 4; lastKnownFileType = sourcecode.c.h; path = Comment.h; sourceTree = "<group>"; };
		EA2B13E8186C360200A2C065 /* Comment.m */ = {isa = PBXFileReference; fileEncoding = 4; lastKnownFileType = sourcecode.c.objc; path = Comment.m; sourceTree = "<group>"; };
		EA2B13EB186C360200A2C065 /* Image.h */ = {isa = PBXFileReference; fileEncoding = 4; lastKnownFileType = sourcecode.c.h; path = Image.h; sourceTree = "<group>"; };
		EA2B13EC186C360200A2C065 /* Image.m */ = {isa = PBXFileReference; fileEncoding = 4; lastKnownFileType = sourcecode.c.objc; path = Image.m; sourceTree = "<group>"; };
		EA2B13EF186C360200A2C065 /* User.h */ = {isa = PBXFileReference; fileEncoding = 4; lastKnownFileType = sourcecode.c.h; path = User.h; sourceTree = "<group>"; };
		EA2B13F0186C360200A2C065 /* User.m */ = {isa = PBXFileReference; fileEncoding = 4; lastKnownFileType = sourcecode.c.objc; path = User.m; sourceTree = "<group>"; };
		EA2B13F3186C360300A2C065 /* Contact.h */ = {isa = PBXFileReference; fileEncoding = 4; lastKnownFileType = sourcecode.c.h; path = Contact.h; sourceTree = "<group>"; };
		EA2B13F4186C360300A2C065 /* Contact.m */ = {isa = PBXFileReference; fileEncoding = 4; lastKnownFileType = sourcecode.c.objc; path = Contact.m; sourceTree = "<group>"; };
		EA2B13F7186C360300A2C065 /* ChatMessage.h */ = {isa = PBXFileReference; fileEncoding = 4; lastKnownFileType = sourcecode.c.h; path = ChatMessage.h; sourceTree = "<group>"; };
		EA2B13F8186C360300A2C065 /* ChatMessage.m */ = {isa = PBXFileReference; fileEncoding = 4; lastKnownFileType = sourcecode.c.objc; path = ChatMessage.m; sourceTree = "<group>"; };
		EA2B13FB186C360300A2C065 /* Notice.h */ = {isa = PBXFileReference; fileEncoding = 4; lastKnownFileType = sourcecode.c.h; path = Notice.h; sourceTree = "<group>"; };
		EA2B13FC186C360300A2C065 /* Notice.m */ = {isa = PBXFileReference; fileEncoding = 4; lastKnownFileType = sourcecode.c.objc; path = Notice.m; sourceTree = "<group>"; };
		EA2B13FF186C360300A2C065 /* Badge.h */ = {isa = PBXFileReference; fileEncoding = 4; lastKnownFileType = sourcecode.c.h; path = Badge.h; sourceTree = "<group>"; };
		EA2B1400186C360300A2C065 /* Badge.m */ = {isa = PBXFileReference; fileEncoding = 4; lastKnownFileType = sourcecode.c.objc; path = Badge.m; sourceTree = "<group>"; };
		EA2B1407186C360300A2C065 /* Message.h */ = {isa = PBXFileReference; fileEncoding = 4; lastKnownFileType = sourcecode.c.h; path = Message.h; sourceTree = "<group>"; };
		EA2B1408186C360300A2C065 /* Message.m */ = {isa = PBXFileReference; fileEncoding = 4; lastKnownFileType = sourcecode.c.objc; path = Message.m; sourceTree = "<group>"; };
		EA2B140B186C360300A2C065 /* Sound.h */ = {isa = PBXFileReference; fileEncoding = 4; lastKnownFileType = sourcecode.c.h; path = Sound.h; sourceTree = "<group>"; };
		EA2B140C186C360300A2C065 /* Sound.m */ = {isa = PBXFileReference; fileEncoding = 4; lastKnownFileType = sourcecode.c.objc; path = Sound.m; sourceTree = "<group>"; };
		EA2B140F186C360300A2C065 /* Location.h */ = {isa = PBXFileReference; fileEncoding = 4; lastKnownFileType = sourcecode.c.h; path = Location.h; sourceTree = "<group>"; };
		EA2B1410186C360300A2C065 /* Location.m */ = {isa = PBXFileReference; fileEncoding = 4; lastKnownFileType = sourcecode.c.objc; path = Location.m; sourceTree = "<group>"; };
		EA4CDAE618633741008FE822 /* MMViewController.h */ = {isa = PBXFileReference; fileEncoding = 4; lastKnownFileType = sourcecode.c.h; path = MMViewController.h; sourceTree = "<group>"; };
		EA4CDAE718633741008FE822 /* MMViewController.m */ = {isa = PBXFileReference; fileEncoding = 4; lastKnownFileType = sourcecode.c.objc; path = MMViewController.m; sourceTree = "<group>"; };
		EA4CDAE91863375A008FE822 /* MMTableViewController.h */ = {isa = PBXFileReference; fileEncoding = 4; lastKnownFileType = sourcecode.c.h; path = MMTableViewController.h; sourceTree = "<group>"; };
		EA4CDAEA1863375A008FE822 /* MMTableViewController.m */ = {isa = PBXFileReference; fileEncoding = 4; lastKnownFileType = sourcecode.c.objc; path = MMTableViewController.m; sourceTree = "<group>"; };
		EA4CDAEC18633795008FE822 /* MMTableViewCell.h */ = {isa = PBXFileReference; fileEncoding = 4; lastKnownFileType = sourcecode.c.h; path = MMTableViewCell.h; sourceTree = "<group>"; };
		EA4CDAED18633795008FE822 /* MMTableViewCell.m */ = {isa = PBXFileReference; fileEncoding = 4; lastKnownFileType = sourcecode.c.objc; path = MMTableViewCell.m; sourceTree = "<group>"; };
		EA4CDAEF186337E6008FE822 /* TimelineController.h */ = {isa = PBXFileReference; fileEncoding = 4; lastKnownFileType = sourcecode.c.h; path = TimelineController.h; sourceTree = "<group>"; };
		EA4CDAF0186337E6008FE822 /* TimelineController.m */ = {isa = PBXFileReference; fileEncoding = 4; lastKnownFileType = sourcecode.c.objc; path = TimelineController.m; sourceTree = "<group>"; };
		EA4CDAF218633804008FE822 /* ActivityController.h */ = {isa = PBXFileReference; fileEncoding = 4; lastKnownFileType = sourcecode.c.h; path = ActivityController.h; sourceTree = "<group>"; };
		EA4CDAF318633804008FE822 /* ActivityController.m */ = {isa = PBXFileReference; fileEncoding = 4; lastKnownFileType = sourcecode.c.objc; path = ActivityController.m; sourceTree = "<group>"; };
		EA4CDAF518633838008FE822 /* MessageController.h */ = {isa = PBXFileReference; fileEncoding = 4; lastKnownFileType = sourcecode.c.h; path = MessageController.h; sourceTree = "<group>"; };
		EA4CDAF618633838008FE822 /* MessageController.m */ = {isa = PBXFileReference; fileEncoding = 4; lastKnownFileType = sourcecode.c.objc; path = MessageController.m; sourceTree = "<group>"; };
		EA4CDAF818633892008FE822 /* ProfileController.h */ = {isa = PBXFileReference; fileEncoding = 4; lastKnownFileType = sourcecode.c.h; path = ProfileController.h; sourceTree = "<group>"; };
		EA4CDAF918633892008FE822 /* ProfileController.m */ = {isa = PBXFileReference; fileEncoding = 4; lastKnownFileType = sourcecode.c.objc; path = ProfileController.m; sourceTree = "<group>"; };
		EA4CDAFB18633F4C008FE822 /* LogUtil.h */ = {isa = PBXFileReference; fileEncoding = 4; lastKnownFileType = sourcecode.c.h; path = LogUtil.h; sourceTree = "<group>"; };
		EA663575186F0EF900336C57 /* MMActivityView.h */ = {isa = PBXFileReference; fileEncoding = 4; lastKnownFileType = sourcecode.c.h; path = MMActivityView.h; sourceTree = "<group>"; };
		EA663576186F0EF900336C57 /* MMActivityView.m */ = {isa = PBXFileReference; fileEncoding = 4; lastKnownFileType = sourcecode.c.objc; path = MMActivityView.m; sourceTree = "<group>"; };
		EA663579186F131F00336C57 /* UIView+Ext.h */ = {isa = PBXFileReference; fileEncoding = 4; lastKnownFileType = sourcecode.c.h; path = "UIView+Ext.h"; sourceTree = "<group>"; };
		EA66357A186F131F00336C57 /* UIView+Ext.m */ = {isa = PBXFileReference; fileEncoding = 4; lastKnownFileType = sourcecode.c.objc; path = "UIView+Ext.m"; sourceTree = "<group>"; };
		EA66357D18702BAB00336C57 /* SignController.h */ = {isa = PBXFileReference; fileEncoding = 4; lastKnownFileType = sourcecode.c.h; path = SignController.h; sourceTree = "<group>"; };
		EA66357E18702BAB00336C57 /* SignController.m */ = {isa = PBXFileReference; fileEncoding = 4; lastKnownFileType = sourcecode.c.objc; path = SignController.m; sourceTree = "<group>"; };
		EA66357F18702BAB00336C57 /* SignController.xib */ = {isa = PBXFileReference; fileEncoding = 4; lastKnownFileType = file.xib; path = SignController.xib; sourceTree = "<group>"; };
		EA66358C18704D6800336C57 /* UIFactory.h */ = {isa = PBXFileReference; fileEncoding = 4; lastKnownFileType = sourcecode.c.h; path = UIFactory.h; sourceTree = "<group>"; };
		EA66358D18704D6800336C57 /* UIFactory.m */ = {isa = PBXFileReference; fileEncoding = 4; lastKnownFileType = sourcecode.c.objc; path = UIFactory.m; sourceTree = "<group>"; };
		EA6635901870546100336C57 /* NSString+Validate.h */ = {isa = PBXFileReference; fileEncoding = 4; lastKnownFileType = sourcecode.c.h; path = "NSString+Validate.h"; sourceTree = "<group>"; };
		EA6635911870546100336C57 /* NSString+Validate.m */ = {isa = PBXFileReference; fileEncoding = 4; lastKnownFileType = sourcecode.c.objc; path = "NSString+Validate.m"; sourceTree = "<group>"; };
		EA6635941870632D00336C57 /* LeoLoadingView.h */ = {isa = PBXFileReference; fileEncoding = 4; lastKnownFileType = sourcecode.c.h; path = LeoLoadingView.h; sourceTree = "<group>"; };
		EA6635951870632D00336C57 /* LeoLoadingView.m */ = {isa = PBXFileReference; fileEncoding = 4; lastKnownFileType = sourcecode.c.objc; path = LeoLoadingView.m; sourceTree = "<group>"; };
		EA66359818706C5A00336C57 /* MMPopMessageView.h */ = {isa = PBXFileReference; fileEncoding = 4; lastKnownFileType = sourcecode.c.h; path = MMPopMessageView.h; sourceTree = "<group>"; };
		EA66359918706C5A00336C57 /* MMPopMessageView.m */ = {isa = PBXFileReference; fileEncoding = 4; lastKnownFileType = sourcecode.c.objc; path = MMPopMessageView.m; sourceTree = "<group>"; };
		EACC63521865631500B6D186 /* PinerModel.xcdatamodel */ = {isa = PBXFileReference; lastKnownFileType = wrapper.xcdatamodel; path = PinerModel.xcdatamodel; sourceTree = "<group>"; };
		EACC9C681865AC0700BE2017 /* MMFileManager.h */ = {isa = PBXFileReference; fileEncoding = 4; lastKnownFileType = sourcecode.c.h; path = MMFileManager.h; sourceTree = "<group>"; };
		EACC9C691865AC0700BE2017 /* MMFileManager.m */ = {isa = PBXFileReference; fileEncoding = 4; lastKnownFileType = sourcecode.c.objc; path = MMFileManager.m; sourceTree = "<group>"; };
		EACC9C6D1865BD5F00BE2017 /* libPods.a */ = {isa = PBXFileReference; lastKnownFileType = archive.ar; name = libPods.a; path = "Pods/build/Debug-iphoneos/libPods.a"; sourceTree = "<group>"; };
		EACC9C7018668FA200BE2017 /* NSDictionary+Ext.h */ = {isa = PBXFileReference; fileEncoding = 4; lastKnownFileType = sourcecode.c.h; path = "NSDictionary+Ext.h"; sourceTree = "<group>"; };
		EACC9C7118668FA200BE2017 /* NSDictionary+Ext.m */ = {isa = PBXFileReference; fileEncoding = 4; lastKnownFileType = sourcecode.c.objc; path = "NSDictionary+Ext.m"; sourceTree = "<group>"; };
		EACC9C7318668FF600BE2017 /* NSArray+Ext.h */ = {isa = PBXFileReference; fileEncoding = 4; lastKnownFileType = sourcecode.c.h; path = "NSArray+Ext.h"; sourceTree = "<group>"; };
		EACC9C7418668FF600BE2017 /* NSArray+Ext.m */ = {isa = PBXFileReference; fileEncoding = 4; lastKnownFileType = sourcecode.c.objc; path = "NSArray+Ext.m"; sourceTree = "<group>"; };
		EAE6334B1861F98C0072FED8 /* Piner.app */ = {isa = PBXFileReference; explicitFileType = wrapper.application; includeInIndex = 0; path = Piner.app; sourceTree = BUILT_PRODUCTS_DIR; };
		EAE6334E1861F98C0072FED8 /* Foundation.framework */ = {isa = PBXFileReference; lastKnownFileType = wrapper.framework; name = Foundation.framework; path = System/Library/Frameworks/Foundation.framework; sourceTree = SDKROOT; };
		EAE633501861F98C0072FED8 /* CoreGraphics.framework */ = {isa = PBXFileReference; lastKnownFileType = wrapper.framework; name = CoreGraphics.framework; path = System/Library/Frameworks/CoreGraphics.framework; sourceTree = SDKROOT; };
		EAE633521861F98C0072FED8 /* UIKit.framework */ = {isa = PBXFileReference; lastKnownFileType = wrapper.framework; name = UIKit.framework; path = System/Library/Frameworks/UIKit.framework; sourceTree = SDKROOT; };
		EAE633561861F98C0072FED8 /* Piner-Info.plist */ = {isa = PBXFileReference; lastKnownFileType = text.plist.xml; path = "Piner-Info.plist"; sourceTree = "<group>"; };
		EAE633581861F98C0072FED8 /* en */ = {isa = PBXFileReference; lastKnownFileType = text.plist.strings; name = en; path = en.lproj/InfoPlist.strings; sourceTree = "<group>"; };
		EAE6335A1861F98C0072FED8 /* main.m */ = {isa = PBXFileReference; lastKnownFileType = sourcecode.c.objc; path = main.m; sourceTree = "<group>"; };
		EAE6335C1861F98C0072FED8 /* Piner-Prefix.pch */ = {isa = PBXFileReference; lastKnownFileType = sourcecode.c.h; path = "Piner-Prefix.pch"; sourceTree = "<group>"; };
		EAE6335D1861F98C0072FED8 /* AppDelegate.h */ = {isa = PBXFileReference; lastKnownFileType = sourcecode.c.h; path = AppDelegate.h; sourceTree = "<group>"; };
		EAE6335E1861F98C0072FED8 /* AppDelegate.m */ = {isa = PBXFileReference; lastKnownFileType = sourcecode.c.objc; path = AppDelegate.m; sourceTree = "<group>"; };
		EAE633611861F98C0072FED8 /* Base */ = {isa = PBXFileReference; lastKnownFileType = file.storyboard; name = Base; path = Base.lproj/Main.storyboard; sourceTree = "<group>"; };
		EAE633691861F98C0072FED8 /* Images.xcassets */ = {isa = PBXFileReference; lastKnownFileType = folder.assetcatalog; path = Images.xcassets; sourceTree = "<group>"; };
		EAE6336F1861F98C0072FED8 /* PinerTests.xctest */ = {isa = PBXFileReference; explicitFileType = wrapper.cfbundle; includeInIndex = 0; path = PinerTests.xctest; sourceTree = BUILT_PRODUCTS_DIR; };
		EAE633701861F98C0072FED8 /* XCTest.framework */ = {isa = PBXFileReference; lastKnownFileType = wrapper.framework; name = XCTest.framework; path = Library/Frameworks/XCTest.framework; sourceTree = DEVELOPER_DIR; };
		EAE633781861F98C0072FED8 /* PinerTests-Info.plist */ = {isa = PBXFileReference; lastKnownFileType = text.plist.xml; path = "PinerTests-Info.plist"; sourceTree = "<group>"; };
		EAE6337A1861F98C0072FED8 /* en */ = {isa = PBXFileReference; lastKnownFileType = text.plist.strings; name = en; path = en.lproj/InfoPlist.strings; sourceTree = "<group>"; };
		EAE6337C1861F98C0072FED8 /* PinerTests.m */ = {isa = PBXFileReference; lastKnownFileType = sourcecode.c.objc; path = PinerTests.m; sourceTree = "<group>"; };
/* End PBXFileReference section */

/* Begin PBXFrameworksBuildPhase section */
		EAE633481861F98C0072FED8 /* Frameworks */ = {
			isa = PBXFrameworksBuildPhase;
			buildActionMask = 2147483647;
			files = (
				EAE633511861F98C0072FED8 /* CoreGraphics.framework in Frameworks */,
				EAE633531861F98C0072FED8 /* UIKit.framework in Frameworks */,
				EAE6334F1861F98C0072FED8 /* Foundation.framework in Frameworks */,
				9CB240FD38514DC4A884EE61 /* libPods.a in Frameworks */,
			);
			runOnlyForDeploymentPostprocessing = 0;
		};
		EAE6336C1861F98C0072FED8 /* Frameworks */ = {
			isa = PBXFrameworksBuildPhase;
			buildActionMask = 2147483647;
			files = (
				EACC9C6E1865BD5F00BE2017 /* libPods.a in Frameworks */,
				EAE633711861F98C0072FED8 /* XCTest.framework in Frameworks */,
				EAE633731861F98C0072FED8 /* UIKit.framework in Frameworks */,
				EAE633721861F98C0072FED8 /* Foundation.framework in Frameworks */,
			);
			runOnlyForDeploymentPostprocessing = 0;
		};
/* End PBXFrameworksBuildPhase section */

/* Begin PBXGroup section */
		EA4CDAD818631284008FE822 /* Dependences */ = {
			isa = PBXGroup;
			children = (
				EA4CDAD918631284008FE822 /* Controllers */,
				EA4CDADA18631284008FE822 /* Models */,
				EA4CDADB18631284008FE822 /* SDKs */,
				EA4CDADC18631284008FE822 /* Services */,
				EA4CDADD18631284008FE822 /* TableViewCells */,
				EA4CDADE18631284008FE822 /* Utils */,
				EA4CDADF18631284008FE822 /* Views */,
			);
			path = Dependences;
			sourceTree = "<group>";
		};
		EA4CDAD918631284008FE822 /* Controllers */ = {
			isa = PBXGroup;
			children = (
				EA4CDAE618633741008FE822 /* MMViewController.h */,
				EA4CDAE718633741008FE822 /* MMViewController.m */,
				EA4CDAE91863375A008FE822 /* MMTableViewController.h */,
				EA4CDAEA1863375A008FE822 /* MMTableViewController.m */,
			);
			path = Controllers;
			sourceTree = "<group>";
		};
		EA4CDADA18631284008FE822 /* Models */ = {
			isa = PBXGroup;
			children = (
				EACC9C6F18668EC600BE2017 /* Extend */,
				EACC9C641865A4F400BE2017 /* CoreData */,
			);
			path = Models;
			sourceTree = "<group>";
		};
		EA4CDADB18631284008FE822 /* SDKs */ = {
			isa = PBXGroup;
			children = (
			);
			path = SDKs;
			sourceTree = "<group>";
		};
		EA4CDADC18631284008FE822 /* Services */ = {
			isa = PBXGroup;
			children = (
			);
			path = Services;
			sourceTree = "<group>";
		};
		EA4CDADD18631284008FE822 /* TableViewCells */ = {
			isa = PBXGroup;
			children = (
				EA4CDAEC18633795008FE822 /* MMTableViewCell.h */,
				EA4CDAED18633795008FE822 /* MMTableViewCell.m */,
			);
			path = TableViewCells;
			sourceTree = "<group>";
		};
		EA4CDADE18631284008FE822 /* Utils */ = {
			isa = PBXGroup;
			children = (
				EA4CDAFB18633F4C008FE822 /* LogUtil.h */,
				EA0D9935187B240700777AAC /* CGUtil.h */,
				EA0D9936187B240700777AAC /* CGUtil.m */,
			);
			path = Utils;
			sourceTree = "<group>";
		};
		EA4CDADF18631284008FE822 /* Views */ = {
			isa = PBXGroup;
			children = (
				EA66359718706C2F00336C57 /* MMPopMessageView */,
				EA6635931870632D00336C57 /* LHLoadingView */,
				EA663578186F130B00336C57 /* ViewExtend */,
				EA663574186F0EDD00336C57 /* MMActivityView */,
			);
			path = Views;
			sourceTree = "<group>";
		};
		EA4CDAE018631295008FE822 /* Classes */ = {
			isa = PBXGroup;
			children = (
				EA66358F1870544B00336C57 /* Utils */,
				EA4CDAE118631295008FE822 /* Controllers */,
				EA4CDAE218631295008FE822 /* Models */,
				EA4CDAE318631295008FE822 /* Services */,
				EA4CDAE418631295008FE822 /* TableViewCells */,
				EA4CDAE518631295008FE822 /* Views */,
			);
			path = Classes;
			sourceTree = "<group>";
		};
		EA4CDAE118631295008FE822 /* Controllers */ = {
			isa = PBXGroup;
			children = (
				EA66358318702BD000336C57 /* Sign */,
				EA66358218702BBC00336C57 /* Tabs */,
			);
			path = Controllers;
			sourceTree = "<group>";
		};
		EA4CDAE218631295008FE822 /* Models */ = {
			isa = PBXGroup;
			children = (
				EACC63511865631500B6D186 /* PinerModel.xcdatamodeld */,
				EA0D9932187B15AB00777AAC /* Activity.h */,
				EA0D9933187B15AB00777AAC /* Activity.m */,
				EA2B140F186C360300A2C065 /* Location.h */,
				EA2B1410186C360300A2C065 /* Location.m */,
				EA2B140B186C360300A2C065 /* Sound.h */,
				EA2B140C186C360300A2C065 /* Sound.m */,
				EA2B1407186C360300A2C065 /* Message.h */,
				EA2B1408186C360300A2C065 /* Message.m */,
				EA2B13FF186C360300A2C065 /* Badge.h */,
				EA2B1400186C360300A2C065 /* Badge.m */,
				EA2B13FB186C360300A2C065 /* Notice.h */,
				EA2B13FC186C360300A2C065 /* Notice.m */,
				EA2B13F7186C360300A2C065 /* ChatMessage.h */,
				EA2B13F8186C360300A2C065 /* ChatMessage.m */,
				EA2B13F3186C360300A2C065 /* Contact.h */,
				EA2B13F4186C360300A2C065 /* Contact.m */,
				EA2B13EF186C360200A2C065 /* User.h */,
				EA2B13F0186C360200A2C065 /* User.m */,
				EA2B13EB186C360200A2C065 /* Image.h */,
				EA2B13EC186C360200A2C065 /* Image.m */,
				EA2B13E7186C360200A2C065 /* Comment.h */,
				EA2B13E8186C360200A2C065 /* Comment.m */,
				EA2B13CF186C215300A2C065 /* PinModels.h */,
				EA0D992F187B12F600777AAC /* ModelManager.h */,
				EA0D9930187B12F600777AAC /* ModelManager.m */,
			);
			path = Models;
			sourceTree = "<group>";
		};
		EA4CDAE318631295008FE822 /* Services */ = {
			isa = PBXGroup;
			children = (
				EA2B13C7186C12D500A2C065 /* PinAPIClient.h */,
				EA2B13C8186C12D500A2C065 /* PinAPIClient.m */,
				EA2B13CB186C138100A2C065 /* PinService.h */,
				EA2B13CC186C138100A2C065 /* PinService.m */,
				EA2B13D3186C237900A2C065 /* PinService+Activity.m */,
				EA2B13D1186C221A00A2C065 /* PinService+Auth.m */,
				EA2B13D4186C237900A2C065 /* PinService+Badge.m */,
				EA2B13D5186C237900A2C065 /* PinService+Comment.m */,
				EA2B13D6186C237900A2C065 /* PinService+Message.m */,
				EA2B13D7186C237900A2C065 /* PinService+Relation.m */,
				EA2B13D8186C237900A2C065 /* PinService+User.m */,
				EA2B13E3186C329E00A2C065 /* PinError.h */,
				EA2B13E4186C329E00A2C065 /* PinError.m */,
			);
			path = Services;
			sourceTree = "<group>";
		};
		EA4CDAE418631295008FE822 /* TableViewCells */ = {
			isa = PBXGroup;
			children = (
				EA0D9924187B003600777AAC /* ActivityCell.h */,
				EA0D9925187B003600777AAC /* ActivityCell.m */,
				EA0D9927187B004A00777AAC /* ActivityCell.xib */,
			);
			path = TableViewCells;
			sourceTree = "<group>";
		};
		EA4CDAE518631295008FE822 /* Views */ = {
			isa = PBXGroup;
			children = (
				EA66358C18704D6800336C57 /* UIFactory.h */,
				EA66358D18704D6800336C57 /* UIFactory.m */,
				EA0D9929187B0E2E00777AAC /* UIUtil.h */,
				EA0D992A187B0E2E00777AAC /* UIUtil.m */,
			);
			path = Views;
			sourceTree = "<group>";
		};
		EA663574186F0EDD00336C57 /* MMActivityView */ = {
			isa = PBXGroup;
			children = (
				EA663575186F0EF900336C57 /* MMActivityView.h */,
				EA663576186F0EF900336C57 /* MMActivityView.m */,
			);
			path = MMActivityView;
			sourceTree = "<group>";
		};
		EA663578186F130B00336C57 /* ViewExtend */ = {
			isa = PBXGroup;
			children = (
				EA663579186F131F00336C57 /* UIView+Ext.h */,
				EA66357A186F131F00336C57 /* UIView+Ext.m */,
			);
			name = ViewExtend;
			path = ViewCategory;
			sourceTree = "<group>";
		};
		EA66358218702BBC00336C57 /* Tabs */ = {
			isa = PBXGroup;
			children = (
				EA4CDAEF186337E6008FE822 /* TimelineController.h */,
				EA4CDAF0186337E6008FE822 /* TimelineController.m */,
				EA4CDAF218633804008FE822 /* ActivityController.h */,
				EA4CDAF318633804008FE822 /* ActivityController.m */,
				EA4CDAF518633838008FE822 /* MessageController.h */,
				EA4CDAF618633838008FE822 /* MessageController.m */,
				EA4CDAF818633892008FE822 /* ProfileController.h */,
				EA4CDAF918633892008FE822 /* ProfileController.m */,
			);
			name = Tabs;
			sourceTree = "<group>";
		};
		EA66358318702BD000336C57 /* Sign */ = {
			isa = PBXGroup;
			children = (
				EA66357D18702BAB00336C57 /* SignController.h */,
				EA66357E18702BAB00336C57 /* SignController.m */,
				EA66357F18702BAB00336C57 /* SignController.xib */,
			);
			name = Sign;
			sourceTree = "<group>";
		};
		EA66358F1870544B00336C57 /* Utils */ = {
			isa = PBXGroup;
			children = (
				EA6635901870546100336C57 /* NSString+Validate.h */,
				EA6635911870546100336C57 /* NSString+Validate.m */,
			);
			path = Utils;
			sourceTree = "<group>";
		};
		EA6635931870632D00336C57 /* LHLoadingView */ = {
			isa = PBXGroup;
			children = (
				EA6635941870632D00336C57 /* LeoLoadingView.h */,
				EA6635951870632D00336C57 /* LeoLoadingView.m */,
			);
			path = LHLoadingView;
			sourceTree = "<group>";
		};
		EA66359718706C2F00336C57 /* MMPopMessageView */ = {
			isa = PBXGroup;
			children = (
				EA66359818706C5A00336C57 /* MMPopMessageView.h */,
				EA66359918706C5A00336C57 /* MMPopMessageView.m */,
			);
			path = MMPopMessageView;
			sourceTree = "<group>";
		};
		EACC63501865625300B6D186 /* Resource */ = {
			isa = PBXGroup;
			children = (
			);
			path = Resource;
			sourceTree = "<group>";
		};
		EACC9C641865A4F400BE2017 /* CoreData */ = {
			isa = PBXGroup;
			children = (
				EACC9C681865AC0700BE2017 /* MMFileManager.h */,
				EACC9C691865AC0700BE2017 /* MMFileManager.m */,
			);
			name = CoreData;
			sourceTree = "<group>";
		};
		EACC9C6F18668EC600BE2017 /* Extend */ = {
			isa = PBXGroup;
			children = (
				EACC9C7018668FA200BE2017 /* NSDictionary+Ext.h */,
				EACC9C7118668FA200BE2017 /* NSDictionary+Ext.m */,
				EACC9C7318668FF600BE2017 /* NSArray+Ext.h */,
				EACC9C7418668FF600BE2017 /* NSArray+Ext.m */,
				EA0D992C187B118200777AAC /* NSString+Ext.h */,
				EA0D992D187B118200777AAC /* NSString+Ext.m */,
			);
			path = Extend;
			sourceTree = "<group>";
		};
		EAE633421861F98C0072FED8 = {
			isa = PBXGroup;
			children = (
				EA4CDAD818631284008FE822 /* Dependences */,
				EAE633541861F98C0072FED8 /* Piner */,
				EAE633761861F98C0072FED8 /* PinerTests */,
				EAE6334D1861F98C0072FED8 /* Frameworks */,
				EAE6334C1861F98C0072FED8 /* Products */,
				A39235FE2AB44D82A3F86AD6 /* Pods.xcconfig */,
			);
			sourceTree = "<group>";
		};
		EAE6334C1861F98C0072FED8 /* Products */ = {
			isa = PBXGroup;
			children = (
				EAE6334B1861F98C0072FED8 /* Piner.app */,
				EAE6336F1861F98C0072FED8 /* PinerTests.xctest */,
			);
			name = Products;
			sourceTree = "<group>";
		};
		EAE6334D1861F98C0072FED8 /* Frameworks */ = {
			isa = PBXGroup;
			children = (
				EACC9C6D1865BD5F00BE2017 /* libPods.a */,
				EAE6334E1861F98C0072FED8 /* Foundation.framework */,
				EAE633501861F98C0072FED8 /* CoreGraphics.framework */,
				EAE633521861F98C0072FED8 /* UIKit.framework */,
				EAE633701861F98C0072FED8 /* XCTest.framework */,
				02C0B45B30C94049A7AA6C12 /* libPods.a */,
			);
			name = Frameworks;
			sourceTree = "<group>";
		};
		EAE633541861F98C0072FED8 /* Piner */ = {
			isa = PBXGroup;
			children = (
				EACC63501865625300B6D186 /* Resource */,
				EA4CDAE018631295008FE822 /* Classes */,
				EAE6335D1861F98C0072FED8 /* AppDelegate.h */,
				EAE6335E1861F98C0072FED8 /* AppDelegate.m */,
				EAE633601861F98C0072FED8 /* Main.storyboard */,
				EAE633691861F98C0072FED8 /* Images.xcassets */,
				EAE633551861F98C0072FED8 /* Supporting Files */,
			);
			path = Piner;
			sourceTree = "<group>";
		};
		EAE633551861F98C0072FED8 /* Supporting Files */ = {
			isa = PBXGroup;
			children = (
				EAE633561861F98C0072FED8 /* Piner-Info.plist */,
				EAE633571861F98C0072FED8 /* InfoPlist.strings */,
				EAE6335A1861F98C0072FED8 /* main.m */,
				EAE6335C1861F98C0072FED8 /* Piner-Prefix.pch */,
			);
			name = "Supporting Files";
			sourceTree = "<group>";
		};
		EAE633761861F98C0072FED8 /* PinerTests */ = {
			isa = PBXGroup;
			children = (
				EAE6337C1861F98C0072FED8 /* PinerTests.m */,
				EAE633771861F98C0072FED8 /* Supporting Files */,
			);
			path = PinerTests;
			sourceTree = "<group>";
		};
		EAE633771861F98C0072FED8 /* Supporting Files */ = {
			isa = PBXGroup;
			children = (
				EAE633781861F98C0072FED8 /* PinerTests-Info.plist */,
				EAE633791861F98C0072FED8 /* InfoPlist.strings */,
			);
			name = "Supporting Files";
			sourceTree = "<group>";
		};
/* End PBXGroup section */

/* Begin PBXNativeTarget section */
		EAE6334A1861F98C0072FED8 /* Piner */ = {
			isa = PBXNativeTarget;
			buildConfigurationList = EAE633801861F98C0072FED8 /* Build configuration list for PBXNativeTarget "Piner" */;
			buildPhases = (
				88C10B2679C24BA19FB96045 /* Check Pods Manifest.lock */,
				EAE633471861F98C0072FED8 /* Sources */,
				EAE633481861F98C0072FED8 /* Frameworks */,
				EAE633491861F98C0072FED8 /* Resources */,
				D805B209AB1F474BADC2F04F /* Copy Pods Resources */,
			);
			buildRules = (
			);
			dependencies = (
			);
			name = Piner;
			productName = Piner;
			productReference = EAE6334B1861F98C0072FED8 /* Piner.app */;
			productType = "com.apple.product-type.application";
		};
		EAE6336E1861F98C0072FED8 /* PinerTests */ = {
			isa = PBXNativeTarget;
			buildConfigurationList = EAE633831861F98C0072FED8 /* Build configuration list for PBXNativeTarget "PinerTests" */;
			buildPhases = (
				EAE6336B1861F98C0072FED8 /* Sources */,
				EAE6336C1861F98C0072FED8 /* Frameworks */,
				EAE6336D1861F98C0072FED8 /* Resources */,
			);
			buildRules = (
			);
			dependencies = (
				EAE633751861F98C0072FED8 /* PBXTargetDependency */,
			);
			name = PinerTests;
			productName = PinerTests;
			productReference = EAE6336F1861F98C0072FED8 /* PinerTests.xctest */;
			productType = "com.apple.product-type.bundle.unit-test";
		};
/* End PBXNativeTarget section */

/* Begin PBXProject section */
		EAE633431861F98C0072FED8 /* Project object */ = {
			isa = PBXProject;
			attributes = {
				LastUpgradeCheck = 0500;
				ORGANIZATIONNAME = Piner;
				TargetAttributes = {
					EAE6334A1861F98C0072FED8 = {
						DevelopmentTeam = LPN7A567X3;
					};
					EAE6336E1861F98C0072FED8 = {
						TestTargetID = EAE6334A1861F98C0072FED8;
					};
				};
			};
			buildConfigurationList = EAE633461861F98C0072FED8 /* Build configuration list for PBXProject "Piner" */;
			compatibilityVersion = "Xcode 3.2";
			developmentRegion = English;
			hasScannedForEncodings = 0;
			knownRegions = (
				en,
				Base,
			);
			mainGroup = EAE633421861F98C0072FED8;
			productRefGroup = EAE6334C1861F98C0072FED8 /* Products */;
			projectDirPath = "";
			projectRoot = "";
			targets = (
				EAE6334A1861F98C0072FED8 /* Piner */,
				EAE6336E1861F98C0072FED8 /* PinerTests */,
			);
		};
/* End PBXProject section */

/* Begin PBXResourcesBuildPhase section */
		EAE633491861F98C0072FED8 /* Resources */ = {
			isa = PBXResourcesBuildPhase;
			buildActionMask = 2147483647;
			files = (
				EA66358118702BAB00336C57 /* SignController.xib in Resources */,
				EA0D9928187B004A00777AAC /* ActivityCell.xib in Resources */,
				EAE6336A1861F98C0072FED8 /* Images.xcassets in Resources */,
				EAE633591861F98C0072FED8 /* InfoPlist.strings in Resources */,
				EAE633621861F98C0072FED8 /* Main.storyboard in Resources */,
			);
			runOnlyForDeploymentPostprocessing = 0;
		};
		EAE6336D1861F98C0072FED8 /* Resources */ = {
			isa = PBXResourcesBuildPhase;
			buildActionMask = 2147483647;
			files = (
				EAE6337B1861F98C0072FED8 /* InfoPlist.strings in Resources */,
			);
			runOnlyForDeploymentPostprocessing = 0;
		};
/* End PBXResourcesBuildPhase section */

/* Begin PBXShellScriptBuildPhase section */
		88C10B2679C24BA19FB96045 /* Check Pods Manifest.lock */ = {
			isa = PBXShellScriptBuildPhase;
			buildActionMask = 2147483647;
			files = (
			);
			inputPaths = (
			);
			name = "Check Pods Manifest.lock";
			outputPaths = (
			);
			runOnlyForDeploymentPostprocessing = 0;
			shellPath = /bin/sh;
			shellScript = "diff \"${PODS_ROOT}/../Podfile.lock\" \"${PODS_ROOT}/Manifest.lock\" > /dev/null\nif [[ $? != 0 ]] ; then\n    cat << EOM\nerror: The sandbox is not in sync with the Podfile.lock. Run 'pod install' or update your CocoaPods installation.\nEOM\n    exit 1\nfi\n";
			showEnvVarsInLog = 0;
		};
		D805B209AB1F474BADC2F04F /* Copy Pods Resources */ = {
			isa = PBXShellScriptBuildPhase;
			buildActionMask = 2147483647;
			files = (
			);
			inputPaths = (
			);
			name = "Copy Pods Resources";
			outputPaths = (
			);
			runOnlyForDeploymentPostprocessing = 0;
			shellPath = /bin/sh;
			shellScript = "\"${SRCROOT}/Pods/Pods-resources.sh\"\n";
			showEnvVarsInLog = 0;
		};
/* End PBXShellScriptBuildPhase section */

/* Begin PBXSourcesBuildPhase section */
		EAE633471861F98C0072FED8 /* Sources */ = {
			isa = PBXSourcesBuildPhase;
			buildActionMask = 2147483647;
			files = (
				EA4CDAE818633741008FE822 /* MMViewController.m in Sources */,
				EA2B140D186C360300A2C065 /* Sound.m in Sources */,
				EA2B13E5186C329E00A2C065 /* PinError.m in Sources */,
				EA0D9937187B240700777AAC /* CGUtil.m in Sources */,
				EA2B13DE186C237900A2C065 /* PinService+User.m in Sources */,
				EA2B13DA186C237900A2C065 /* PinService+Badge.m in Sources */,
				EA2B13FD186C360300A2C065 /* Notice.m in Sources */,
				EA663577186F0EF900336C57 /* MMActivityView.m in Sources */,
				EA66357B186F131F00336C57 /* UIView+Ext.m in Sources */,
				EA2B13DB186C237900A2C065 /* PinService+Comment.m in Sources */,
				EA2B13DD186C237900A2C065 /* PinService+Relation.m in Sources */,
				EA2B13C9186C12D500A2C065 /* PinAPIClient.m in Sources */,
				EA0D992B187B0E2E00777AAC /* UIUtil.m in Sources */,
				EA4CDAF418633804008FE822 /* ActivityController.m in Sources */,
				EA2B13DC186C237900A2C065 /* PinService+Message.m in Sources */,
				EA66358E18704D6800336C57 /* UIFactory.m in Sources */,
				EACC9C7218668FA200BE2017 /* NSDictionary+Ext.m in Sources */,
				EA4CDAF1186337E6008FE822 /* TimelineController.m in Sources */,
				EAE6335F1861F98C0072FED8 /* AppDelegate.m in Sources */,
				EA2B13ED186C360200A2C065 /* Image.m in Sources */,
				EA0D9934187B15AB00777AAC /* Activity.m in Sources */,
				EA2B13D9186C237900A2C065 /* PinService+Activity.m in Sources */,
				EA2B1409186C360300A2C065 /* Message.m in Sources */,
				EACC63531865631500B6D186 /* PinerModel.xcdatamodeld in Sources */,
				EA0D9931187B12F600777AAC /* ModelManager.m in Sources */,
				EA6635921870546100336C57 /* NSString+Validate.m in Sources */,
				EA4CDAEB1863375A008FE822 /* MMTableViewController.m in Sources */,
				EA2B13E9186C360200A2C065 /* Comment.m in Sources */,
				EA4CDAFA18633892008FE822 /* ProfileController.m in Sources */,
				EA0D9926187B003600777AAC /* ActivityCell.m in Sources */,
				EA4CDAF718633838008FE822 /* MessageController.m in Sources */,
				EA2B13D2186C221A00A2C065 /* PinService+Auth.m in Sources */,
				EA2B13F5186C360300A2C065 /* Contact.m in Sources */,
				EAE6335B1861F98C0072FED8 /* main.m in Sources */,
				EA2B13F9186C360300A2C065 /* ChatMessage.m in Sources */,
				EA2B1401186C360300A2C065 /* Badge.m in Sources */,
				EA2B1411186C360300A2C065 /* Location.m in Sources */,
				EA66359A18706C5A00336C57 /* MMPopMessageView.m in Sources */,
				EA2B13F1186C360200A2C065 /* User.m in Sources */,
				EA0D992E187B118200777AAC /* NSString+Ext.m in Sources */,
				EA2B13CD186C138100A2C065 /* PinService.m in Sources */,
				EACC9C7518668FF600BE2017 /* NSArray+Ext.m in Sources */,
				EA6635961870632D00336C57 /* LeoLoadingView.m in Sources */,
				EACC9C6A1865AC0700BE2017 /* MMFileManager.m in Sources */,
				EA4CDAEE18633795008FE822 /* MMTableViewCell.m in Sources */,
				EA66358018702BAB00336C57 /* SignController.m in Sources */,
			);
			runOnlyForDeploymentPostprocessing = 0;
		};
		EAE6336B1861F98C0072FED8 /* Sources */ = {
			isa = PBXSourcesBuildPhase;
			buildActionMask = 2147483647;
			files = (
				EA2B13F2186C360200A2C065 /* User.m in Sources */,
				EA2B13E6186C329E00A2C065 /* PinError.m in Sources */,
				EA2B13EA186C360200A2C065 /* Comment.m in Sources */,
				EA2B140E186C360300A2C065 /* Sound.m in Sources */,
				EA2B140A186C360300A2C065 /* Message.m in Sources */,
				EA2B13CA186C12D500A2C065 /* PinAPIClient.m in Sources */,
				EACC9C7818672B7600BE2017 /* PinerModel.xcdatamodeld in Sources */,
				EAE6337D1861F98C0072FED8 /* PinerTests.m in Sources */,
				EA2B13CE186C138100A2C065 /* PinService.m in Sources */,
				EA2B13FE186C360300A2C065 /* Notice.m in Sources */,
				EA2B13F6186C360300A2C065 /* Contact.m in Sources */,
				EA2B1402186C360300A2C065 /* Badge.m in Sources */,
				EA2B13EE186C360200A2C065 /* Image.m in Sources */,
				EA2B1412186C360300A2C065 /* Location.m in Sources */,
				EA2B13FA186C360300A2C065 /* ChatMessage.m in Sources */,
			);
			runOnlyForDeploymentPostprocessing = 0;
		};
/* End PBXSourcesBuildPhase section */

/* Begin PBXTargetDependency section */
		EAE633751861F98C0072FED8 /* PBXTargetDependency */ = {
			isa = PBXTargetDependency;
			target = EAE6334A1861F98C0072FED8 /* Piner */;
			targetProxy = EAE633741861F98C0072FED8 /* PBXContainerItemProxy */;
		};
/* End PBXTargetDependency section */

/* Begin PBXVariantGroup section */
		EAE633571861F98C0072FED8 /* InfoPlist.strings */ = {
			isa = PBXVariantGroup;
			children = (
				EAE633581861F98C0072FED8 /* en */,
			);
			name = InfoPlist.strings;
			sourceTree = "<group>";
		};
		EAE633601861F98C0072FED8 /* Main.storyboard */ = {
			isa = PBXVariantGroup;
			children = (
				EAE633611861F98C0072FED8 /* Base */,
			);
			name = Main.storyboard;
			sourceTree = "<group>";
		};
		EAE633791861F98C0072FED8 /* InfoPlist.strings */ = {
			isa = PBXVariantGroup;
			children = (
				EAE6337A1861F98C0072FED8 /* en */,
			);
			name = InfoPlist.strings;
			sourceTree = "<group>";
		};
/* End PBXVariantGroup section */

/* Begin XCBuildConfiguration section */
		EAE6337E1861F98C0072FED8 /* Debug */ = {
			isa = XCBuildConfiguration;
			buildSettings = {
				ALWAYS_SEARCH_USER_PATHS = NO;
				ARCHS = "$(ARCHS_STANDARD_INCLUDING_64_BIT)";
				CLANG_CXX_LANGUAGE_STANDARD = "gnu++0x";
				CLANG_CXX_LIBRARY = "libc++";
				CLANG_ENABLE_MODULES = YES;
				CLANG_ENABLE_OBJC_ARC = YES;
				CLANG_WARN_BOOL_CONVERSION = YES;
				CLANG_WARN_CONSTANT_CONVERSION = YES;
				CLANG_WARN_DIRECT_OBJC_ISA_USAGE = YES_ERROR;
				CLANG_WARN_EMPTY_BODY = YES;
				CLANG_WARN_ENUM_CONVERSION = YES;
				CLANG_WARN_INT_CONVERSION = YES;
				CLANG_WARN_OBJC_ROOT_CLASS = YES_ERROR;
				CLANG_WARN__DUPLICATE_METHOD_MATCH = YES;
				"CODE_SIGN_IDENTITY[sdk=iphoneos*]" = "iPhone Developer";
				COPY_PHASE_STRIP = NO;
				GCC_C_LANGUAGE_STANDARD = gnu99;
				GCC_DYNAMIC_NO_PIC = NO;
				GCC_OPTIMIZATION_LEVEL = 0;
				GCC_PREPROCESSOR_DEFINITIONS = (
					"DEBUG=1",
					"$(inherited)",
				);
				GCC_SYMBOLS_PRIVATE_EXTERN = NO;
				GCC_WARN_64_TO_32_BIT_CONVERSION = YES;
				GCC_WARN_ABOUT_RETURN_TYPE = YES_ERROR;
				GCC_WARN_UNDECLARED_SELECTOR = YES;
				GCC_WARN_UNINITIALIZED_AUTOS = YES;
				GCC_WARN_UNUSED_FUNCTION = YES;
				GCC_WARN_UNUSED_VARIABLE = YES;
				IPHONEOS_DEPLOYMENT_TARGET = 7.0;
				ONLY_ACTIVE_ARCH = YES;
				PRODUCT_NAME = "";
				SDKROOT = iphoneos;
			};
			name = Debug;
		};
		EAE6337F1861F98C0072FED8 /* Release */ = {
			isa = XCBuildConfiguration;
			buildSettings = {
				ALWAYS_SEARCH_USER_PATHS = NO;
				ARCHS = "$(ARCHS_STANDARD_INCLUDING_64_BIT)";
				CLANG_CXX_LANGUAGE_STANDARD = "gnu++0x";
				CLANG_CXX_LIBRARY = "libc++";
				CLANG_ENABLE_MODULES = YES;
				CLANG_ENABLE_OBJC_ARC = YES;
				CLANG_WARN_BOOL_CONVERSION = YES;
				CLANG_WARN_CONSTANT_CONVERSION = YES;
				CLANG_WARN_DIRECT_OBJC_ISA_USAGE = YES_ERROR;
				CLANG_WARN_EMPTY_BODY = YES;
				CLANG_WARN_ENUM_CONVERSION = YES;
				CLANG_WARN_INT_CONVERSION = YES;
				CLANG_WARN_OBJC_ROOT_CLASS = YES_ERROR;
				CLANG_WARN__DUPLICATE_METHOD_MATCH = YES;
				"CODE_SIGN_IDENTITY[sdk=iphoneos*]" = "iPhone Developer";
				COPY_PHASE_STRIP = YES;
				ENABLE_NS_ASSERTIONS = NO;
				GCC_C_LANGUAGE_STANDARD = gnu99;
				GCC_WARN_64_TO_32_BIT_CONVERSION = YES;
				GCC_WARN_ABOUT_RETURN_TYPE = YES_ERROR;
				GCC_WARN_UNDECLARED_SELECTOR = YES;
				GCC_WARN_UNINITIALIZED_AUTOS = YES;
				GCC_WARN_UNUSED_FUNCTION = YES;
				GCC_WARN_UNUSED_VARIABLE = YES;
				IPHONEOS_DEPLOYMENT_TARGET = 7.0;
				PRODUCT_NAME = "";
				SDKROOT = iphoneos;
				VALIDATE_PRODUCT = YES;
			};
			name = Release;
		};
		EAE633811861F98C0072FED8 /* Debug */ = {
			isa = XCBuildConfiguration;
			baseConfigurationReference = A39235FE2AB44D82A3F86AD6 /* Pods.xcconfig */;
			buildSettings = {
				ALWAYS_SEARCH_USER_PATHS = YES;
				ASSETCATALOG_COMPILER_APPICON_NAME = AppIcon;
				ASSETCATALOG_COMPILER_LAUNCHIMAGE_NAME = LaunchImage;
				CODE_SIGN_IDENTITY = "iPhone Developer";
				GCC_PRECOMPILE_PREFIX_HEADER = YES;
				GCC_PREFIX_HEADER = "Piner/Piner-Prefix.pch";
				INFOPLIST_FILE = "Piner/Piner-Info.plist";
				PRODUCT_NAME = "$(TARGET_NAME)";
				USER_HEADER_SEARCH_PATHS = "${SRCROOT}/**";
				WRAPPER_EXTENSION = app;
			};
			name = Debug;
		};
		EAE633821861F98C0072FED8 /* Release */ = {
			isa = XCBuildConfiguration;
			baseConfigurationReference = A39235FE2AB44D82A3F86AD6 /* Pods.xcconfig */;
			buildSettings = {
				ALWAYS_SEARCH_USER_PATHS = YES;
				ASSETCATALOG_COMPILER_APPICON_NAME = AppIcon;
				ASSETCATALOG_COMPILER_LAUNCHIMAGE_NAME = LaunchImage;
				CODE_SIGN_IDENTITY = "iPhone Developer";
				GCC_PRECOMPILE_PREFIX_HEADER = YES;
				GCC_PREFIX_HEADER = "Piner/Piner-Prefix.pch";
				INFOPLIST_FILE = "Piner/Piner-Info.plist";
				PRODUCT_NAME = "$(TARGET_NAME)";
				USER_HEADER_SEARCH_PATHS = "${SRCROOT}/**";
				WRAPPER_EXTENSION = app;
			};
			name = Release;
		};
		EAE633841861F98C0072FED8 /* Debug */ = {
			isa = XCBuildConfiguration;
			baseConfigurationReference = A39235FE2AB44D82A3F86AD6 /* Pods.xcconfig */;
			buildSettings = {
				ARCHS = "$(ARCHS_STANDARD_INCLUDING_64_BIT)";
				BUNDLE_LOADER = "$(BUILT_PRODUCTS_DIR)/Piner.app/Piner";
				FRAMEWORK_SEARCH_PATHS = (
					"$(SDKROOT)/Developer/Library/Frameworks",
					"$(inherited)",
					"$(DEVELOPER_FRAMEWORKS_DIR)",
				);
				GCC_PRECOMPILE_PREFIX_HEADER = YES;
				GCC_PREFIX_HEADER = "Piner/Piner-Prefix.pch";
				GCC_PREPROCESSOR_DEFINITIONS = (
					"DEBUG=1",
					"$(inherited)",
				);
				INFOPLIST_FILE = "PinerTests/PinerTests-Info.plist";
				PRODUCT_NAME = "$(TARGET_NAME)";
				TEST_HOST = "$(BUNDLE_LOADER)";
				WRAPPER_EXTENSION = xctest;
			};
			name = Debug;
		};
		EAE633851861F98C0072FED8 /* Release */ = {
			isa = XCBuildConfiguration;
			buildSettings = {
				ARCHS = "$(ARCHS_STANDARD_INCLUDING_64_BIT)";
				BUNDLE_LOADER = "$(BUILT_PRODUCTS_DIR)/Piner.app/Piner";
				FRAMEWORK_SEARCH_PATHS = (
					"$(SDKROOT)/Developer/Library/Frameworks",
					"$(inherited)",
					"$(DEVELOPER_FRAMEWORKS_DIR)",
				);
				GCC_PRECOMPILE_PREFIX_HEADER = YES;
				GCC_PREFIX_HEADER = "Piner/Piner-Prefix.pch";
				INFOPLIST_FILE = "PinerTests/PinerTests-Info.plist";
				PRODUCT_NAME = "$(TARGET_NAME)";
				TEST_HOST = "$(BUNDLE_LOADER)";
				WRAPPER_EXTENSION = xctest;
			};
			name = Release;
		};
/* End XCBuildConfiguration section */

/* Begin XCConfigurationList section */
		EAE633461861F98C0072FED8 /* Build configuration list for PBXProject "Piner" */ = {
			isa = XCConfigurationList;
			buildConfigurations = (
				EAE6337E1861F98C0072FED8 /* Debug */,
				EAE6337F1861F98C0072FED8 /* Release */,
			);
			defaultConfigurationIsVisible = 0;
			defaultConfigurationName = Release;
		};
		EAE633801861F98C0072FED8 /* Build configuration list for PBXNativeTarget "Piner" */ = {
			isa = XCConfigurationList;
			buildConfigurations = (
				EAE633811861F98C0072FED8 /* Debug */,
				EAE633821861F98C0072FED8 /* Release */,
			);
			defaultConfigurationIsVisible = 0;
			defaultConfigurationName = Release;
		};
		EAE633831861F98C0072FED8 /* Build configuration list for PBXNativeTarget "PinerTests" */ = {
			isa = XCConfigurationList;
			buildConfigurations = (
				EAE633841861F98C0072FED8 /* Debug */,
				EAE633851861F98C0072FED8 /* Release */,
			);
			defaultConfigurationIsVisible = 0;
			defaultConfigurationName = Release;
		};
/* End XCConfigurationList section */

/* Begin XCVersionGroup section */
		EACC63511865631500B6D186 /* PinerModel.xcdatamodeld */ = {
			isa = XCVersionGroup;
			children = (
				EACC63521865631500B6D186 /* PinerModel.xcdatamodel */,
			);
			currentVersion = EACC63521865631500B6D186 /* PinerModel.xcdatamodel */;
			name = PinerModel.xcdatamodeld;
			path = ../../../PinerModel.xcdatamodeld;
			sourceTree = "<group>";
			versionGroupType = wrapper.xcdatamodel;
		};
/* End XCVersionGroup section */
	};
	rootObject = EAE633431861F98C0072FED8 /* Project object */;
}
